
Microsoft Visual Studio Solution File, Format Version 12.00
# Visual Studio 15
VisualStudioVersion = 15.0.26730.12
MinimumVisualStudioVersion = 10.0.40219.1
Project("{FAE04EC0-301F-11D3-BF4B-00C04F79EFBC}") = "PO2Sovellus", "PO2Sovellus\PO2Sovellus.csproj", "{779D813C-873E-4CAE-8EF6-3B9505450469}"
EndProject
Global
	GlobalSection(SolutionConfigurationPlatforms) = preSolution
		Debug|Any CPU = Debug|Any CPU
		Release|Any CPU = Release|Any CPU
	EndGlobalSection
	GlobalSection(ProjectConfigurationPlatforms) = postSolution
		{779D813C-873E-4CAE-8EF6-3B9505450469}.Debug|Any CPU.ActiveCfg = Debug|Any CPU
		{779D813C-873E-4CAE-8EF6-3B9505450469}.Debug|Any CPU.Build.0 = Debug|Any CPU
		{779D813C-873E-4CAE-8EF6-3B9505450469}.Release|Any CPU.ActiveCfg = Release|Any CPU
		{779D813C-873E-4CAE-8EF6-3B9505450469}.Release|Any CPU.Build.0 = Release|Any CPU
	EndGlobalSection
	GlobalSection(SolutionProperties) = preSolution
		HideSolutionNode = FALSE
	EndGlobalSection
	GlobalSection(ExtensibilityGlobals) = postSolution
		SolutionGuid = {BC9AF13F-0EBC-48EA-98C5-1E22F878EC6E}
	EndGlobalSection
EndGlobal
